{
  "requires": true,
  "lockfileVersion": 1,
  "dependencies": {
    "aframe-extras": {
      "version": "4.0.2",
      "resolved": "https://registry.npmjs.org/aframe-extras/-/aframe-extras-4.0.2.tgz",
      "integrity": "sha512-5+1sH3xV1+qK7rLm+4UJfzz7+bgDTHCx2ZtIg+1U0/tS2QKQrhAt+GeAB/y5mA8QTf/XbxTTWsdeAIZ//PU19Q==",
      "requires": {
        "three-pathfinding": "0.5.5"
      }
    },
    "three-pathfinding": {
      "version": "0.5.5",
      "resolved": "https://registry.npmjs.org/three-pathfinding/-/three-pathfinding-0.5.5.tgz",
      "integrity": "sha512-alTrwg2WgQe/x3Vxvj9JceFq/BHehi8e/f1lKEHJ0UY/VbNLeHT68Ne4FIWUq4LujgQ5/9XvpgX1B7SEDuQS5w=="
    }
  }
}
